
Microsoft Visual Studio Solution File, Format Version 12.00
# Visual Studio Version 17
VisualStudioVersion = 17.11.35327.3
MinimumVisualStudioVersion = 10.0.40219.1
Project("{FAE04EC0-301F-11D3-BF4B-00C04F79EFBC}") = "Pokemon-app", "Primera-lectura-DB\Pokemon-app.csproj", "{EFE05A8C-1E24-48E0-9C5D-D459F994C7B6}"
EndProject
Project("{FAE04EC0-301F-11D3-BF4B-00C04F79EFBC}") = "Negocio", "Negocio\Negocio.csproj", "{2C246A6C-E2EE-479B-9933-9FBDE2551CFF}"
EndProject
Project("{FAE04EC0-301F-11D3-BF4B-00C04F79EFBC}") = "dominio", "dominio\dominio.csproj", "{2780C5BF-DAAB-46C6-933E-BF9F8BFDB294}"
EndProject
Global
	GlobalSection(SolutionConfigurationPlatforms) = preSolution
		Debug|Any CPU = Debug|Any CPU
		Release|Any CPU = Release|Any CPU
	EndGlobalSection
	GlobalSection(ProjectConfigurationPlatforms) = postSolution
		{EFE05A8C-1E24-48E0-9C5D-D459F994C7B6}.Debug|Any CPU.ActiveCfg = Debug|Any CPU
		{EFE05A8C-1E24-48E0-9C5D-D459F994C7B6}.Debug|Any CPU.Build.0 = Debug|Any CPU
		{EFE05A8C-1E24-48E0-9C5D-D459F994C7B6}.Release|Any CPU.ActiveCfg = Release|Any CPU
		{EFE05A8C-1E24-48E0-9C5D-D459F994C7B6}.Release|Any CPU.Build.0 = Release|Any CPU
		{2C246A6C-E2EE-479B-9933-9FBDE2551CFF}.Debug|Any CPU.ActiveCfg = Debug|Any CPU
		{2C246A6C-E2EE-479B-9933-9FBDE2551CFF}.Debug|Any CPU.Build.0 = Debug|Any CPU
		{2C246A6C-E2EE-479B-9933-9FBDE2551CFF}.Release|Any CPU.ActiveCfg = Release|Any CPU
		{2C246A6C-E2EE-479B-9933-9FBDE2551CFF}.Release|Any CPU.Build.0 = Release|Any CPU
		{2780C5BF-DAAB-46C6-933E-BF9F8BFDB294}.Debug|Any CPU.ActiveCfg = Debug|Any CPU
		{2780C5BF-DAAB-46C6-933E-BF9F8BFDB294}.Debug|Any CPU.Build.0 = Debug|Any CPU
		{2780C5BF-DAAB-46C6-933E-BF9F8BFDB294}.Release|Any CPU.ActiveCfg = Release|Any CPU
		{2780C5BF-DAAB-46C6-933E-BF9F8BFDB294}.Release|Any CPU.Build.0 = Release|Any CPU
	EndGlobalSection
	GlobalSection(SolutionProperties) = preSolution
		HideSolutionNode = FALSE
	EndGlobalSection
	GlobalSection(ExtensibilityGlobals) = postSolution
		SolutionGuid = {46ACDACE-332B-418B-B50C-B226DE611121}
	EndGlobalSection
EndGlobal
